
Microsoft Visual Studio Solution File, Format Version 12.00
# Visual Studio 15
VisualStudioVersion = 15.0.27703.2000
MinimumVisualStudioVersion = 10.0.40219.1
Project("{9A19103F-16F7-4668-BE54-9A1E7A4F7556}") = "cv", "cv.csproj", "{0E9E6FBF-CCD3-46E3-8A5E-880EF132D5F4}"
EndProject
Global
	GlobalSection(SolutionConfigurationPlatforms) = preSolution
		Debug|Any CPU = Debug|Any CPU
		Release|Any CPU = Release|Any CPU
	EndGlobalSection
	GlobalSection(ProjectConfigurationPlatforms) = postSolution
		{0E9E6FBF-CCD3-46E3-8A5E-880EF132D5F4}.Debug|Any CPU.ActiveCfg = Debug|Any CPU
		{0E9E6FBF-CCD3-46E3-8A5E-880EF132D5F4}.Debug|Any CPU.Build.0 = Debug|Any CPU
		{0E9E6FBF-CCD3-46E3-8A5E-880EF132D5F4}.Release|Any CPU.ActiveCfg = Release|Any CPU
		{0E9E6FBF-CCD3-46E3-8A5E-880EF132D5F4}.Release|Any CPU.Build.0 = Release|Any CPU
	EndGlobalSection
	GlobalSection(SolutionProperties) = preSolution
		HideSolutionNode = FALSE
	EndGlobalSection
	GlobalSection(ExtensibilityGlobals) = postSolution
		SolutionGuid = {CFBBBCA8-68A4-4124-BFCE-9CDC0EB33E5A}
	EndGlobalSection
EndGlobal
